
Microsoft Visual Studio Solution File, Format Version 12.00
# Visual Studio 15
Project("{FAE04EC0-301F-11D3-BF4B-00C04F79EFBC}") = "Assembly-CSharp-firstpass", "Assembly-CSharp-firstpass.csproj", "{023FCD2C-8E08-8D3A-48E2-03369685F2BD}"
EndProject
Project("{FAE04EC0-301F-11D3-BF4B-00C04F79EFBC}") = "Assembly-CSharp", "Assembly-CSharp.csproj", "{FB4594E4-B469-663F-5ACC-EDD9D1F3ADD5}"
EndProject
Project("{FAE04EC0-301F-11D3-BF4B-00C04F79EFBC}") = "Inputter.Runtime", "Inputter.Runtime.csproj", "{00AA09EA-CB5A-27F1-A5C7-7FDFBB4D94B3}"
EndProject
Project("{FAE04EC0-301F-11D3-BF4B-00C04F79EFBC}") = "Assembly-CSharp-Editor", "Assembly-CSharp-Editor.csproj", "{871DF420-3493-A22D-4D54-CD82EB755E74}"
EndProject
Project("{FAE04EC0-301F-11D3-BF4B-00C04F79EFBC}") = "Inputter.Runtime.Editor", "Inputter.Runtime.Editor.csproj", "{831E40C7-518B-1D82-A78C-2582E68CEFFC}"
EndProject
Global
	GlobalSection(SolutionConfigurationPlatforms) = preSolution
		Debug|Any CPU = Debug|Any CPU
		Release|Any CPU = Release|Any CPU
	EndGlobalSection
	GlobalSection(ProjectConfigurationPlatforms) = postSolution
		{023FCD2C-8E08-8D3A-48E2-03369685F2BD}.Debug|Any CPU.ActiveCfg = Debug|Any CPU
		{023FCD2C-8E08-8D3A-48E2-03369685F2BD}.Debug|Any CPU.Build.0 = Debug|Any CPU
		{023FCD2C-8E08-8D3A-48E2-03369685F2BD}.Release|Any CPU.ActiveCfg = Release|Any CPU
		{023FCD2C-8E08-8D3A-48E2-03369685F2BD}.Release|Any CPU.Build.0 = Release|Any CPU
		{FB4594E4-B469-663F-5ACC-EDD9D1F3ADD5}.Debug|Any CPU.ActiveCfg = Debug|Any CPU
		{FB4594E4-B469-663F-5ACC-EDD9D1F3ADD5}.Debug|Any CPU.Build.0 = Debug|Any CPU
		{FB4594E4-B469-663F-5ACC-EDD9D1F3ADD5}.Release|Any CPU.ActiveCfg = Release|Any CPU
		{FB4594E4-B469-663F-5ACC-EDD9D1F3ADD5}.Release|Any CPU.Build.0 = Release|Any CPU
		{00AA09EA-CB5A-27F1-A5C7-7FDFBB4D94B3}.Debug|Any CPU.ActiveCfg = Debug|Any CPU
		{00AA09EA-CB5A-27F1-A5C7-7FDFBB4D94B3}.Debug|Any CPU.Build.0 = Debug|Any CPU
		{00AA09EA-CB5A-27F1-A5C7-7FDFBB4D94B3}.Release|Any CPU.ActiveCfg = Release|Any CPU
		{00AA09EA-CB5A-27F1-A5C7-7FDFBB4D94B3}.Release|Any CPU.Build.0 = Release|Any CPU
		{871DF420-3493-A22D-4D54-CD82EB755E74}.Debug|Any CPU.ActiveCfg = Debug|Any CPU
		{871DF420-3493-A22D-4D54-CD82EB755E74}.Debug|Any CPU.Build.0 = Debug|Any CPU
		{871DF420-3493-A22D-4D54-CD82EB755E74}.Release|Any CPU.ActiveCfg = Release|Any CPU
		{871DF420-3493-A22D-4D54-CD82EB755E74}.Release|Any CPU.Build.0 = Release|Any CPU
		{831E40C7-518B-1D82-A78C-2582E68CEFFC}.Debug|Any CPU.ActiveCfg = Debug|Any CPU
		{831E40C7-518B-1D82-A78C-2582E68CEFFC}.Debug|Any CPU.Build.0 = Debug|Any CPU
		{831E40C7-518B-1D82-A78C-2582E68CEFFC}.Release|Any CPU.ActiveCfg = Release|Any CPU
		{831E40C7-518B-1D82-A78C-2582E68CEFFC}.Release|Any CPU.Build.0 = Release|Any CPU
	EndGlobalSection
	GlobalSection(SolutionProperties) = preSolution
		HideSolutionNode = FALSE
	EndGlobalSection
EndGlobal
